
Microsoft Visual Studio Solution File, Format Version 12.00
# Visual Studio 2012
Project("{8BC9CEB8-8B4A-11D0-8D11-00A0C91BC942}") = "BaiVNB3", "BaiVNB3\BaiVNB3.vcxproj", "{D9038964-EC0D-4DF4-A025-C63BD652D416}"
EndProject
Global
	GlobalSection(SolutionConfigurationPlatforms) = preSolution
		Debug|Win32 = Debug|Win32
		Release|Win32 = Release|Win32
	EndGlobalSection
	GlobalSection(ProjectConfigurationPlatforms) = postSolution
		{D9038964-EC0D-4DF4-A025-C63BD652D416}.Debug|Win32.ActiveCfg = Debug|Win32
		{D9038964-EC0D-4DF4-A025-C63BD652D416}.Debug|Win32.Build.0 = Debug|Win32
		{D9038964-EC0D-4DF4-A025-C63BD652D416}.Release|Win32.ActiveCfg = Release|Win32
		{D9038964-EC0D-4DF4-A025-C63BD652D416}.Release|Win32.Build.0 = Release|Win32
	EndGlobalSection
	GlobalSection(SolutionProperties) = preSolution
		HideSolutionNode = FALSE
	EndGlobalSection
EndGlobal
