
Microsoft Visual Studio Solution File, Format Version 12.00
# Visual Studio 2012
Project("{8BC9CEB8-8B4A-11D0-8D11-00A0C91BC942}") = "BailopB10", "BailopB10\BailopB10.vcxproj", "{AA9013AF-68FC-4D75-AF65-32723F744C37}"
EndProject
Global
	GlobalSection(SolutionConfigurationPlatforms) = preSolution
		Debug|Win32 = Debug|Win32
		Release|Win32 = Release|Win32
	EndGlobalSection
	GlobalSection(ProjectConfigurationPlatforms) = postSolution
		{AA9013AF-68FC-4D75-AF65-32723F744C37}.Debug|Win32.ActiveCfg = Debug|Win32
		{AA9013AF-68FC-4D75-AF65-32723F744C37}.Debug|Win32.Build.0 = Debug|Win32
		{AA9013AF-68FC-4D75-AF65-32723F744C37}.Release|Win32.ActiveCfg = Release|Win32
		{AA9013AF-68FC-4D75-AF65-32723F744C37}.Release|Win32.Build.0 = Release|Win32
	EndGlobalSection
	GlobalSection(SolutionProperties) = preSolution
		HideSolutionNode = FALSE
	EndGlobalSection
EndGlobal
