
Microsoft Visual Studio Solution File, Format Version 12.00
# Visual Studio 2012
Project("{8BC9CEB8-8B4A-11D0-8D11-00A0C91BC942}") = "BaiVNB3", "BaiVNB3\BaiVNB3.vcxproj", "{C83D1682-B3F1-4A48-AA66-12A48694A97F}"
EndProject
Global
	GlobalSection(SolutionConfigurationPlatforms) = preSolution
		Debug|Win32 = Debug|Win32
		Release|Win32 = Release|Win32
	EndGlobalSection
	GlobalSection(ProjectConfigurationPlatforms) = postSolution
		{C83D1682-B3F1-4A48-AA66-12A48694A97F}.Debug|Win32.ActiveCfg = Debug|Win32
		{C83D1682-B3F1-4A48-AA66-12A48694A97F}.Debug|Win32.Build.0 = Debug|Win32
		{C83D1682-B3F1-4A48-AA66-12A48694A97F}.Release|Win32.ActiveCfg = Release|Win32
		{C83D1682-B3F1-4A48-AA66-12A48694A97F}.Release|Win32.Build.0 = Release|Win32
	EndGlobalSection
	GlobalSection(SolutionProperties) = preSolution
		HideSolutionNode = FALSE
	EndGlobalSection
EndGlobal
