
Microsoft Visual Studio Solution File, Format Version 12.00
# Visual Studio 2012
Project("{8BC9CEB8-8B4A-11D0-8D11-00A0C91BC942}") = "BaiVNB11", "BaiVNB11\BaiVNB11.vcxproj", "{96369851-B331-435C-A893-8306E50C6352}"
EndProject
Global
	GlobalSection(SolutionConfigurationPlatforms) = preSolution
		Debug|Win32 = Debug|Win32
		Release|Win32 = Release|Win32
	EndGlobalSection
	GlobalSection(ProjectConfigurationPlatforms) = postSolution
		{96369851-B331-435C-A893-8306E50C6352}.Debug|Win32.ActiveCfg = Debug|Win32
		{96369851-B331-435C-A893-8306E50C6352}.Debug|Win32.Build.0 = Debug|Win32
		{96369851-B331-435C-A893-8306E50C6352}.Release|Win32.ActiveCfg = Release|Win32
		{96369851-B331-435C-A893-8306E50C6352}.Release|Win32.Build.0 = Release|Win32
	EndGlobalSection
	GlobalSection(SolutionProperties) = preSolution
		HideSolutionNode = FALSE
	EndGlobalSection
EndGlobal
