
Microsoft Visual Studio Solution File, Format Version 12.00
# Visual Studio 2012
Project("{8BC9CEB8-8B4A-11D0-8D11-00A0C91BC942}") = "BaiVNB7", "BaiVNB7\BaiVNB7.vcxproj", "{FADBDC20-E9B9-43A9-AD62-6BB5E3A8E39A}"
EndProject
Global
	GlobalSection(SolutionConfigurationPlatforms) = preSolution
		Debug|Win32 = Debug|Win32
		Release|Win32 = Release|Win32
	EndGlobalSection
	GlobalSection(ProjectConfigurationPlatforms) = postSolution
		{FADBDC20-E9B9-43A9-AD62-6BB5E3A8E39A}.Debug|Win32.ActiveCfg = Debug|Win32
		{FADBDC20-E9B9-43A9-AD62-6BB5E3A8E39A}.Debug|Win32.Build.0 = Debug|Win32
		{FADBDC20-E9B9-43A9-AD62-6BB5E3A8E39A}.Release|Win32.ActiveCfg = Release|Win32
		{FADBDC20-E9B9-43A9-AD62-6BB5E3A8E39A}.Release|Win32.Build.0 = Release|Win32
	EndGlobalSection
	GlobalSection(SolutionProperties) = preSolution
		HideSolutionNode = FALSE
	EndGlobalSection
EndGlobal
